{
  "name": "cluster-readwrite-lock",
  "version": "0.0.1",
  "lockfileVersion": 1,
  "requires": true,
  "dependencies": {
    "bluebird": {
      "version": "3.5.1",
      "resolved": "https://registry.npmjs.org/bluebird/-/bluebird-3.5.1.tgz",
      "integrity": "sha512-MKiLiV+I1AA596t9w1sQJ8jkiSr5+ZKi0WKrYGUn6d1Fx+Ij4tIj+m2WMQSGczs5jZVxV339chE8iwk6F64wjA==",
      "dev": true
    },
    "cluster-hub": {
      "version": "0.1.2",
      "resolved": "https://registry.npmjs.org/cluster-hub/-/cluster-hub-0.1.2.tgz",
      "integrity": "sha1-c4ssHA8HY3B/objdjzn/fRlY5TI="
    },
    "readwrite-lock": {
      "version": "1.0.1",
      "resolved": "https://registry.npmjs.org/readwrite-lock/-/readwrite-lock-1.0.1.tgz",
      "integrity": "sha512-t8+qPf/hJUr7ABoLW33lZua2TonYEmaprmfylJCO6Ct+cxlu55eitSj4YDyjIZfzI4zfj7ZwdIBZLJ8mRrfVSw=="
    }
  }
}
